
Microsoft Visual Studio Solution File, Format Version 12.00
# Visual Studio Version 17
VisualStudioVersion = 17.2.32602.215
MinimumVisualStudioVersion = 10.0.40219.1
Project("{FAE04EC0-301F-11D3-BF4B-00C04F79EFBC}") = "banking", "banking\banking.csproj", "{6DFDC124-DDDF-46E0-8755-DF4F67C49CD3}"
EndProject
Global
	GlobalSection(SolutionConfigurationPlatforms) = preSolution
		Debug|Any CPU = Debug|Any CPU
		Release|Any CPU = Release|Any CPU
	EndGlobalSection
	GlobalSection(ProjectConfigurationPlatforms) = postSolution
		{6DFDC124-DDDF-46E0-8755-DF4F67C49CD3}.Debug|Any CPU.ActiveCfg = Debug|Any CPU
		{6DFDC124-DDDF-46E0-8755-DF4F67C49CD3}.Debug|Any CPU.Build.0 = Debug|Any CPU
		{6DFDC124-DDDF-46E0-8755-DF4F67C49CD3}.Release|Any CPU.ActiveCfg = Release|Any CPU
		{6DFDC124-DDDF-46E0-8755-DF4F67C49CD3}.Release|Any CPU.Build.0 = Release|Any CPU
	EndGlobalSection
	GlobalSection(SolutionProperties) = preSolution
		HideSolutionNode = FALSE
	EndGlobalSection
	GlobalSection(ExtensibilityGlobals) = postSolution
		SolutionGuid = {400F0FAA-96CE-4012-8245-B875FF6E4FC5}
	EndGlobalSection
EndGlobal
